// !$*UTF8*$!
{
	archiveVersion = 1;
	classes = {
	};
	objectVersion = 56;
	objects = {

/* Begin PBXBuildFile section */
		F2E0DEDC2919D1DA00E529FF /* ScrumiaApp.swift in Sources */ = {isa = PBXBuildFile; fileRef = F2E0DEDB2919D1DA00E529FF /* ScrumiaApp.swift */; };
		F2E0DEDE2919D1DA00E529FF /* ContentView.swift in Sources */ = {isa = PBXBuildFile; fileRef = F2E0DEDD2919D1DA00E529FF /* ContentView.swift */; };
		F2E0DEE02919D1DB00E529FF /* Assets.xcassets in Resources */ = {isa = PBXBuildFile; fileRef = F2E0DEDF2919D1DB00E529FF /* Assets.xcassets */; };
		F2E0DEE32919D1DB00E529FF /* Preview Assets.xcassets in Resources */ = {isa = PBXBuildFile; fileRef = F2E0DEE22919D1DB00E529FF /* Preview Assets.xcassets */; };
		F2E0DEEA2919D6F100E529FF /* CardView.swift in Sources */ = {isa = PBXBuildFile; fileRef = F2E0DEE92919D6F100E529FF /* CardView.swift */; };
		F2E0DEEC2919D72900E529FF /* DetailEditView.swift in Sources */ = {isa = PBXBuildFile; fileRef = F2E0DEEB2919D72900E529FF /* DetailEditView.swift */; };
		F2E0DEEE2919D74B00E529FF /* DetailView.swift in Sources */ = {isa = PBXBuildFile; fileRef = F2E0DEED2919D74B00E529FF /* DetailView.swift */; };
		F2E0DEF02919D76500E529FF /* MeetingFooterView.swift in Sources */ = {isa = PBXBuildFile; fileRef = F2E0DEEF2919D76500E529FF /* MeetingFooterView.swift */; };
		F2E0DEF22919D78900E529FF /* MeetingHeaderView.swift in Sources */ = {isa = PBXBuildFile; fileRef = F2E0DEF12919D78900E529FF /* MeetingHeaderView.swift */; };
		F2E0DEF42919D7AF00E529FF /* MeetingView.swift in Sources */ = {isa = PBXBuildFile; fileRef = F2E0DEF32919D7AF00E529FF /* MeetingView.swift */; };
		F2E0DEF62919D7E300E529FF /* ScrumProgressViewStyle.swift in Sources */ = {isa = PBXBuildFile; fileRef = F2E0DEF52919D7E300E529FF /* ScrumProgressViewStyle.swift */; };
		F2E0DEF82919D80700E529FF /* ScrumsView.swift in Sources */ = {isa = PBXBuildFile; fileRef = F2E0DEF72919D80700E529FF /* ScrumsView.swift */; };
		F2E0DEFA2919D81D00E529FF /* ThemePicker.swift in Sources */ = {isa = PBXBuildFile; fileRef = F2E0DEF92919D81D00E529FF /* ThemePicker.swift */; };
		F2E0DEFC2919D83400E529FF /* ThemeView.swift in Sources */ = {isa = PBXBuildFile; fileRef = F2E0DEFB2919D83400E529FF /* ThemeView.swift */; };
		F2E0DEFE2919D86700E529FF /* TrailingIconLabelStyle.swift in Sources */ = {isa = PBXBuildFile; fileRef = F2E0DEFD2919D86700E529FF /* TrailingIconLabelStyle.swift */; };
		F2E0DF012919D91800E529FF /* Theme.swift in Sources */ = {isa = PBXBuildFile; fileRef = F2E0DF002919D91800E529FF /* Theme.swift */; };
		F2E0DF032919D92F00E529FF /* ScrumTimer.swift in Sources */ = {isa = PBXBuildFile; fileRef = F2E0DF022919D92F00E529FF /* ScrumTimer.swift */; };
		F2E0DF052919D94400E529FF /* History.swift in Sources */ = {isa = PBXBuildFile; fileRef = F2E0DF042919D94400E529FF /* History.swift */; };
		F2E0DF072919D95400E529FF /* DailyScrum.swift in Sources */ = {isa = PBXBuildFile; fileRef = F2E0DF062919D95400E529FF /* DailyScrum.swift */; };
		F2E0DF092919D96E00E529FF /* AVPlayer+Ding.swift in Sources */ = {isa = PBXBuildFile; fileRef = F2E0DF082919D96E00E529FF /* AVPlayer+Ding.swift */; };
		F2E0DF0B2919DACC00E529FF /* ErrorView.swift in Sources */ = {isa = PBXBuildFile; fileRef = F2E0DF0A2919DACC00E529FF /* ErrorView.swift */; };
		F2E0DF0D2919DAF300E529FF /* MeetingTimerView.swift in Sources */ = {isa = PBXBuildFile; fileRef = F2E0DF0C2919DAF300E529FF /* MeetingTimerView.swift */; };
		F2E0DF0F2919DB4000E529FF /* SpeakerArc.swift in Sources */ = {isa = PBXBuildFile; fileRef = F2E0DF0E2919DB4000E529FF /* SpeakerArc.swift */; };
		F2E0DF112919DB8400E529FF /* ScrumStore.swift in Sources */ = {isa = PBXBuildFile; fileRef = F2E0DF102919DB8400E529FF /* ScrumStore.swift */; };
		F2E0DF132919DB9E00E529FF /* ErrorWrapper.swift in Sources */ = {isa = PBXBuildFile; fileRef = F2E0DF122919DB9E00E529FF /* ErrorWrapper.swift */; };
/* End PBXBuildFile section */

/* Begin PBXFileReference section */
		F2E0DED82919D1DA00E529FF /* Scrumia.app */ = {isa = PBXFileReference; explicitFileType = wrapper.application; includeInIndex = 0; path = Scrumia.app; sourceTree = BUILT_PRODUCTS_DIR; };
		F2E0DEDB2919D1DA00E529FF /* ScrumiaApp.swift */ = {isa = PBXFileReference; lastKnownFileType = sourcecode.swift; path = ScrumiaApp.swift; sourceTree = "<group>"; };
		F2E0DEDD2919D1DA00E529FF /* ContentView.swift */ = {isa = PBXFileReference; lastKnownFileType = sourcecode.swift; path = ContentView.swift; sourceTree = "<group>"; };
		F2E0DEDF2919D1DB00E529FF /* Assets.xcassets */ = {isa = PBXFileReference; lastKnownFileType = folder.assetcatalog; path = Assets.xcassets; sourceTree = "<group>"; };
		F2E0DEE22919D1DB00E529FF /* Preview Assets.xcassets */ = {isa = PBXFileReference; lastKnownFileType = folder.assetcatalog; path = "Preview Assets.xcassets"; sourceTree = "<group>"; };
		F2E0DEE92919D6F100E529FF /* CardView.swift */ = {isa = PBXFileReference; lastKnownFileType = sourcecode.swift; path = CardView.swift; sourceTree = "<group>"; };
		F2E0DEEB2919D72900E529FF /* DetailEditView.swift */ = {isa = PBXFileReference; lastKnownFileType = sourcecode.swift; path = DetailEditView.swift; sourceTree = "<group>"; };
		F2E0DEED2919D74B00E529FF /* DetailView.swift */ = {isa = PBXFileReference; lastKnownFileType = sourcecode.swift; path = DetailView.swift; sourceTree = "<group>"; };
		F2E0DEEF2919D76500E529FF /* MeetingFooterView.swift */ = {isa = PBXFileReference; lastKnownFileType = sourcecode.swift; path = MeetingFooterView.swift; sourceTree = "<group>"; };
		F2E0DEF12919D78900E529FF /* MeetingHeaderView.swift */ = {isa = PBXFileReference; lastKnownFileType = sourcecode.swift; path = MeetingHeaderView.swift; sourceTree = "<group>"; };
		F2E0DEF32919D7AF00E529FF /* MeetingView.swift */ = {isa = PBXFileReference; lastKnownFileType = sourcecode.swift; path = MeetingView.swift; sourceTree = "<group>"; };
		F2E0DEF52919D7E300E529FF /* ScrumProgressViewStyle.swift */ = {isa = PBXFileReference; lastKnownFileType = sourcecode.swift; path = ScrumProgressViewStyle.swift; sourceTree = "<group>"; };
		F2E0DEF72919D80700E529FF /* ScrumsView.swift */ = {isa = PBXFileReference; lastKnownFileType = sourcecode.swift; path = ScrumsView.swift; sourceTree = "<group>"; };
		F2E0DEF92919D81D00E529FF /* ThemePicker.swift */ = {isa = PBXFileReference; lastKnownFileType = sourcecode.swift; path = ThemePicker.swift; sourceTree = "<group>"; };
		F2E0DEFB2919D83400E529FF /* ThemeView.swift */ = {isa = PBXFileReference; lastKnownFileType = sourcecode.swift; path = ThemeView.swift; sourceTree = "<group>"; };
		F2E0DEFD2919D86700E529FF /* TrailingIconLabelStyle.swift */ = {isa = PBXFileReference; lastKnownFileType = sourcecode.swift; path = TrailingIconLabelStyle.swift; sourceTree = "<group>"; };
		F2E0DF002919D91800E529FF /* Theme.swift */ = {isa = PBXFileReference; lastKnownFileType = sourcecode.swift; path = Theme.swift; sourceTree = "<group>"; };
		F2E0DF022919D92F00E529FF /* ScrumTimer.swift */ = {isa = PBXFileReference; lastKnownFileType = sourcecode.swift; path = ScrumTimer.swift; sourceTree = "<group>"; };
		F2E0DF042919D94400E529FF /* History.swift */ = {isa = PBXFileReference; lastKnownFileType = sourcecode.swift; path = History.swift; sourceTree = "<group>"; };
		F2E0DF062919D95400E529FF /* DailyScrum.swift */ = {isa = PBXFileReference; lastKnownFileType = sourcecode.swift; path = DailyScrum.swift; sourceTree = "<group>"; };
		F2E0DF082919D96E00E529FF /* AVPlayer+Ding.swift */ = {isa = PBXFileReference; lastKnownFileType = sourcecode.swift; path = "AVPlayer+Ding.swift"; sourceTree = "<group>"; };
		F2E0DF0A2919DACC00E529FF /* ErrorView.swift */ = {isa = PBXFileReference; lastKnownFileType = sourcecode.swift; path = ErrorView.swift; sourceTree = "<group>"; };
		F2E0DF0C2919DAF300E529FF /* MeetingTimerView.swift */ = {isa = PBXFileReference; lastKnownFileType = sourcecode.swift; path = MeetingTimerView.swift; sourceTree = "<group>"; };
		F2E0DF0E2919DB4000E529FF /* SpeakerArc.swift */ = {isa = PBXFileReference; lastKnownFileType = sourcecode.swift; path = SpeakerArc.swift; sourceTree = "<group>"; };
		F2E0DF102919DB8400E529FF /* ScrumStore.swift */ = {isa = PBXFileReference; lastKnownFileType = sourcecode.swift; path = ScrumStore.swift; sourceTree = "<group>"; };
		F2E0DF122919DB9E00E529FF /* ErrorWrapper.swift */ = {isa = PBXFileReference; lastKnownFileType = sourcecode.swift; path = ErrorWrapper.swift; sourceTree = "<group>"; };
/* End PBXFileReference section */

/* Begin PBXFrameworksBuildPhase section */
		F2E0DED52919D1DA00E529FF /* Frameworks */ = {
			isa = PBXFrameworksBuildPhase;
			buildActionMask = 2147483647;
			files = (
			);
			runOnlyForDeploymentPostprocessing = 0;
		};
/* End PBXFrameworksBuildPhase section */

/* Begin PBXGroup section */
		F2E0DECF2919D1DA00E529FF = {
			isa = PBXGroup;
			children = (
				F2E0DEDA2919D1DA00E529FF /* Scrumia */,
				F2E0DED92919D1DA00E529FF /* Products */,
			);
			sourceTree = "<group>";
		};
		F2E0DED92919D1DA00E529FF /* Products */ = {
			isa = PBXGroup;
			children = (
				F2E0DED82919D1DA00E529FF /* Scrumia.app */,
			);
			name = Products;
			sourceTree = "<group>";
		};
		F2E0DEDA2919D1DA00E529FF /* Scrumia */ = {
			isa = PBXGroup;
			children = (
				F2E0DEE12919D1DB00E529FF /* Preview Content */,
				F2E0DEFF2919D8E000E529FF /* Models */,
				F2E0DEDB2919D1DA00E529FF /* ScrumiaApp.swift */,
				F2E0DEF52919D7E300E529FF /* ScrumProgressViewStyle.swift */,
				F2E0DEF72919D80700E529FF /* ScrumsView.swift */,
				F2E0DF0E2919DB4000E529FF /* SpeakerArc.swift */,
				F2E0DEF92919D81D00E529FF /* ThemePicker.swift */,
				F2E0DEFB2919D83400E529FF /* ThemeView.swift */,
				F2E0DEFD2919D86700E529FF /* TrailingIconLabelStyle.swift */,
				F2E0DEDD2919D1DA00E529FF /* ContentView.swift */,
				F2E0DEE92919D6F100E529FF /* CardView.swift */,
				F2E0DEEB2919D72900E529FF /* DetailEditView.swift */,
				F2E0DEED2919D74B00E529FF /* DetailView.swift */,
				F2E0DF0A2919DACC00E529FF /* ErrorView.swift */,
				F2E0DEEF2919D76500E529FF /* MeetingFooterView.swift */,
				F2E0DEF32919D7AF00E529FF /* MeetingView.swift */,
				F2E0DEF12919D78900E529FF /* MeetingHeaderView.swift */,
				F2E0DF0C2919DAF300E529FF /* MeetingTimerView.swift */,
				F2E0DEDF2919D1DB00E529FF /* Assets.xcassets */,
			);
			path = Scrumia;
			sourceTree = "<group>";
		};
		F2E0DEE12919D1DB00E529FF /* Preview Content */ = {
			isa = PBXGroup;
			children = (
				F2E0DEE22919D1DB00E529FF /* Preview Assets.xcassets */,
			);
			path = "Preview Content";
			sourceTree = "<group>";
		};
		F2E0DEFF2919D8E000E529FF /* Models */ = {
			isa = PBXGroup;
			children = (
				F2E0DF002919D91800E529FF /* Theme.swift */,
				F2E0DF022919D92F00E529FF /* ScrumTimer.swift */,
				F2E0DF042919D94400E529FF /* History.swift */,
				F2E0DF122919DB9E00E529FF /* ErrorWrapper.swift */,
				F2E0DF062919D95400E529FF /* DailyScrum.swift */,
				F2E0DF082919D96E00E529FF /* AVPlayer+Ding.swift */,
				F2E0DF102919DB8400E529FF /* ScrumStore.swift */,
			);
			path = Models;
			sourceTree = "<group>";
		};
/* End PBXGroup section */

/* Begin PBXNativeTarget section */
		F2E0DED72919D1DA00E529FF /* Scrumia */ = {
			isa = PBXNativeTarget;
			buildConfigurationList = F2E0DEE62919D1DB00E529FF /* Build configuration list for PBXNativeTarget "Scrumia" */;
			buildPhases = (
				F2E0DED42919D1DA00E529FF /* Sources */,
				F2E0DED52919D1DA00E529FF /* Frameworks */,
				F2E0DED62919D1DA00E529FF /* Resources */,
			);
			buildRules = (
			);
			dependencies = (
			);
			name = Scrumia;
			productName = Scrumia;
			productReference = F2E0DED82919D1DA00E529FF /* Scrumia.app */;
			productType = "com.apple.product-type.application";
		};
/* End PBXNativeTarget section */

/* Begin PBXProject section */
		F2E0DED02919D1DA00E529FF /* Project object */ = {
			isa = PBXProject;
			attributes = {
				BuildIndependentTargetsInParallel = 1;
				LastSwiftUpdateCheck = 1410;
				LastUpgradeCheck = 1410;
				TargetAttributes = {
					F2E0DED72919D1DA00E529FF = {
						CreatedOnToolsVersion = 14.1;
					};
				};
			};
			buildConfigurationList = F2E0DED32919D1DA00E529FF /* Build configuration list for PBXProject "Scrumia" */;
			compatibilityVersion = "Xcode 14.0";
			developmentRegion = en;
			hasScannedForEncodings = 0;
			knownRegions = (
				en,
				Base,
			);
			mainGroup = F2E0DECF2919D1DA00E529FF;
			productRefGroup = F2E0DED92919D1DA00E529FF /* Products */;
			projectDirPath = "";
			projectRoot = "";
			targets = (
				F2E0DED72919D1DA00E529FF /* Scrumia */,
			);
		};
/* End PBXProject section */

/* Begin PBXResourcesBuildPhase section */
		F2E0DED62919D1DA00E529FF /* Resources */ = {
			isa = PBXResourcesBuildPhase;
			buildActionMask = 2147483647;
			files = (
				F2E0DEE32919D1DB00E529FF /* Preview Assets.xcassets in Resources */,
				F2E0DEE02919D1DB00E529FF /* Assets.xcassets in Resources */,
			);
			runOnlyForDeploymentPostprocessing = 0;
		};
/* End PBXResourcesBuildPhase section */

/* Begin PBXSourcesBuildPhase section */
		F2E0DED42919D1DA00E529FF /* Sources */ = {
			isa = PBXSourcesBuildPhase;
			buildActionMask = 2147483647;
			files = (
				F2E0DEFA2919D81D00E529FF /* ThemePicker.swift in Sources */,
				F2E0DEF42919D7AF00E529FF /* MeetingView.swift in Sources */,
				F2E0DF0D2919DAF300E529FF /* MeetingTimerView.swift in Sources */,
				F2E0DF0B2919DACC00E529FF /* ErrorView.swift in Sources */,
				F2E0DEF22919D78900E529FF /* MeetingHeaderView.swift in Sources */,
				F2E0DEDE2919D1DA00E529FF /* ContentView.swift in Sources */,
				F2E0DEFC2919D83400E529FF /* ThemeView.swift in Sources */,
				F2E0DEF82919D80700E529FF /* ScrumsView.swift in Sources */,
				F2E0DF112919DB8400E529FF /* ScrumStore.swift in Sources */,
				F2E0DF072919D95400E529FF /* DailyScrum.swift in Sources */,
				F2E0DF092919D96E00E529FF /* AVPlayer+Ding.swift in Sources */,
				F2E0DEEA2919D6F100E529FF /* CardView.swift in Sources */,
				F2E0DEDC2919D1DA00E529FF /* ScrumiaApp.swift in Sources */,
				F2E0DF0F2919DB4000E529FF /* SpeakerArc.swift in Sources */,
				F2E0DEFE2919D86700E529FF /* TrailingIconLabelStyle.swift in Sources */,
				F2E0DF032919D92F00E529FF /* ScrumTimer.swift in Sources */,
				F2E0DF052919D94400E529FF /* History.swift in Sources */,
				F2E0DF132919DB9E00E529FF /* ErrorWrapper.swift in Sources */,
				F2E0DEEE2919D74B00E529FF /* DetailView.swift in Sources */,
				F2E0DEEC2919D72900E529FF /* DetailEditView.swift in Sources */,
				F2E0DEF02919D76500E529FF /* MeetingFooterView.swift in Sources */,
				F2E0DEF62919D7E300E529FF /* ScrumProgressViewStyle.swift in Sources */,
				F2E0DF012919D91800E529FF /* Theme.swift in Sources */,
			);
			runOnlyForDeploymentPostprocessing = 0;
		};
/* End PBXSourcesBuildPhase section */

/* Begin XCBuildConfiguration section */
		F2E0DEE42919D1DB00E529FF /* Debug */ = {
			isa = XCBuildConfiguration;
			buildSettings = {
				ALWAYS_SEARCH_USER_PATHS = NO;
				CLANG_ANALYZER_NONNULL = YES;
				CLANG_ANALYZER_NUMBER_OBJECT_CONVERSION = YES_AGGRESSIVE;
				CLANG_CXX_LANGUAGE_STANDARD = "gnu++20";
				CLANG_ENABLE_MODULES = YES;
				CLANG_ENABLE_OBJC_ARC = YES;
				CLANG_ENABLE_OBJC_WEAK = YES;
				CLANG_WARN_BLOCK_CAPTURE_AUTORELEASING = YES;
				CLANG_WARN_BOOL_CONVERSION = YES;
				CLANG_WARN_COMMA = YES;
				CLANG_WARN_CONSTANT_CONVERSION = YES;
				CLANG_WARN_DEPRECATED_OBJC_IMPLEMENTATIONS = YES;
				CLANG_WARN_DIRECT_OBJC_ISA_USAGE = YES_ERROR;
				CLANG_WARN_DOCUMENTATION_COMMENTS = YES;
				CLANG_WARN_EMPTY_BODY = YES;
				CLANG_WARN_ENUM_CONVERSION = YES;
				CLANG_WARN_INFINITE_RECURSION = YES;
				CLANG_WARN_INT_CONVERSION = YES;
				CLANG_WARN_NON_LITERAL_NULL_CONVERSION = YES;
				CLANG_WARN_OBJC_IMPLICIT_RETAIN_SELF = YES;
				CLANG_WARN_OBJC_LITERAL_CONVERSION = YES;
				CLANG_WARN_OBJC_ROOT_CLASS = YES_ERROR;
				CLANG_WARN_QUOTED_INCLUDE_IN_FRAMEWORK_HEADER = YES;
				CLANG_WARN_RANGE_LOOP_ANALYSIS = YES;
				CLANG_WARN_STRICT_PROTOTYPES = YES;
				CLANG_WARN_SUSPICIOUS_MOVE = YES;
				CLANG_WARN_UNGUARDED_AVAILABILITY = YES_AGGRESSIVE;
				CLANG_WARN_UNREACHABLE_CODE = YES;
				CLANG_WARN__DUPLICATE_METHOD_MATCH = YES;
				COPY_PHASE_STRIP = NO;
				DEBUG_INFORMATION_FORMAT = dwarf;
				ENABLE_STRICT_OBJC_MSGSEND = YES;
				ENABLE_TESTABILITY = YES;
				GCC_C_LANGUAGE_STANDARD = gnu11;
				GCC_DYNAMIC_NO_PIC = NO;
				GCC_NO_COMMON_BLOCKS = YES;
				GCC_OPTIMIZATION_LEVEL = 0;
				GCC_PREPROCESSOR_DEFINITIONS = (
					"DEBUG=1",
					"$(inherited)",
				);
				GCC_WARN_64_TO_32_BIT_CONVERSION = YES;
				GCC_WARN_ABOUT_RETURN_TYPE = YES_ERROR;
				GCC_WARN_UNDECLARED_SELECTOR = YES;
				GCC_WARN_UNINITIALIZED_AUTOS = YES_AGGRESSIVE;
				GCC_WARN_UNUSED_FUNCTION = YES;
				GCC_WARN_UNUSED_VARIABLE = YES;
				IPHONEOS_DEPLOYMENT_TARGET = 16.1;
				MTL_ENABLE_DEBUG_INFO = INCLUDE_SOURCE;
				MTL_FAST_MATH = YES;
				ONLY_ACTIVE_ARCH = YES;
				SDKROOT = iphoneos;
				SWIFT_ACTIVE_COMPILATION_CONDITIONS = DEBUG;
				SWIFT_OPTIMIZATION_LEVEL = "-Onone";
			};
			name = Debug;
		};
		F2E0DEE52919D1DB00E529FF /* Release */ = {
			isa = XCBuildConfiguration;
			buildSettings = {
				ALWAYS_SEARCH_USER_PATHS = NO;
				CLANG_ANALYZER_NONNULL = YES;
				CLANG_ANALYZER_NUMBER_OBJECT_CONVERSION = YES_AGGRESSIVE;
				CLANG_CXX_LANGUAGE_STANDARD = "gnu++20";
				CLANG_ENABLE_MODULES = YES;
				CLANG_ENABLE_OBJC_ARC = YES;
				CLANG_ENABLE_OBJC_WEAK = YES;
				CLANG_WARN_BLOCK_CAPTURE_AUTORELEASING = YES;
				CLANG_WARN_BOOL_CONVERSION = YES;
				CLANG_WARN_COMMA = YES;
				CLANG_WARN_CONSTANT_CONVERSION = YES;
				CLANG_WARN_DEPRECATED_OBJC_IMPLEMENTATIONS = YES;
				CLANG_WARN_DIRECT_OBJC_ISA_USAGE = YES_ERROR;
				CLANG_WARN_DOCUMENTATION_COMMENTS = YES;
				CLANG_WARN_EMPTY_BODY = YES;
				CLANG_WARN_ENUM_CONVERSION = YES;
				CLANG_WARN_INFINITE_RECURSION = YES;
				CLANG_WARN_INT_CONVERSION = YES;
				CLANG_WARN_NON_LITERAL_NULL_CONVERSION = YES;
				CLANG_WARN_OBJC_IMPLICIT_RETAIN_SELF = YES;
				CLANG_WARN_OBJC_LITERAL_CONVERSION = YES;
				CLANG_WARN_OBJC_ROOT_CLASS = YES_ERROR;
				CLANG_WARN_QUOTED_INCLUDE_IN_FRAMEWORK_HEADER = YES;
				CLANG_WARN_RANGE_LOOP_ANALYSIS = YES;
				CLANG_WARN_STRICT_PROTOTYPES = YES;
				CLANG_WARN_SUSPICIOUS_MOVE = YES;
				CLANG_WARN_UNGUARDED_AVAILABILITY = YES_AGGRESSIVE;
				CLANG_WARN_UNREACHABLE_CODE = YES;
				CLANG_WARN__DUPLICATE_METHOD_MATCH = YES;
				COPY_PHASE_STRIP = NO;
				DEBUG_INFORMATION_FORMAT = "dwarf-with-dsym";
				ENABLE_NS_ASSERTIONS = NO;
				ENABLE_STRICT_OBJC_MSGSEND = YES;
				GCC_C_LANGUAGE_STANDARD = gnu11;
				GCC_NO_COMMON_BLOCKS = YES;
				GCC_WARN_64_TO_32_BIT_CONVERSION = YES;
				GCC_WARN_ABOUT_RETURN_TYPE = YES_ERROR;
				GCC_WARN_UNDECLARED_SELECTOR = YES;
				GCC_WARN_UNINITIALIZED_AUTOS = YES_AGGRESSIVE;
				GCC_WARN_UNUSED_FUNCTION = YES;
				GCC_WARN_UNUSED_VARIABLE = YES;
				IPHONEOS_DEPLOYMENT_TARGET = 16.1;
				MTL_ENABLE_DEBUG_INFO = NO;
				MTL_FAST_MATH = YES;
				SDKROOT = iphoneos;
				SWIFT_COMPILATION_MODE = wholemodule;
				SWIFT_OPTIMIZATION_LEVEL = "-O";
				VALIDATE_PRODUCT = YES;
			};
			name = Release;
		};
		F2E0DEE72919D1DB00E529FF /* Debug */ = {
			isa = XCBuildConfiguration;
			buildSettings = {
				ASSETCATALOG_COMPILER_APPICON_NAME = AppIcon;
				ASSETCATALOG_COMPILER_GLOBAL_ACCENT_COLOR_NAME = AccentColor;
				CODE_SIGN_STYLE = Automatic;
				CURRENT_PROJECT_VERSION = 1;
				DEVELOPMENT_ASSET_PATHS = "\"Scrumia/Preview Content\"";
				DEVELOPMENT_TEAM = R5VP7F84Q4;
				ENABLE_PREVIEWS = YES;
				GENERATE_INFOPLIST_FILE = YES;
				INFOPLIST_KEY_UIApplicationSceneManifest_Generation = YES;
				INFOPLIST_KEY_UIApplicationSupportsIndirectInputEvents = YES;
				INFOPLIST_KEY_UILaunchScreen_Generation = YES;
				INFOPLIST_KEY_UISupportedInterfaceOrientations_iPad = "UIInterfaceOrientationPortrait UIInterfaceOrientationPortraitUpsideDown UIInterfaceOrientationLandscapeLeft UIInterfaceOrientationLandscapeRight";
				INFOPLIST_KEY_UISupportedInterfaceOrientations_iPhone = "UIInterfaceOrientationPortrait UIInterfaceOrientationLandscapeLeft UIInterfaceOrientationLandscapeRight";
				LD_RUNPATH_SEARCH_PATHS = (
					"$(inherited)",
					"@executable_path/Frameworks",
				);
				MARKETING_VERSION = 1.0;
				PRODUCT_BUNDLE_IDENTIFIER = com.mtcardo.Scrumia;
				PRODUCT_NAME = "$(TARGET_NAME)";
				SWIFT_EMIT_LOC_STRINGS = YES;
				SWIFT_VERSION = 5.0;
				TARGETED_DEVICE_FAMILY = "1,2";
			};
			name = Debug;
		};
		F2E0DEE82919D1DB00E529FF /* Release */ = {
			isa = XCBuildConfiguration;
			buildSettings = {
				ASSETCATALOG_COMPILER_APPICON_NAME = AppIcon;
				ASSETCATALOG_COMPILER_GLOBAL_ACCENT_COLOR_NAME = AccentColor;
				CODE_SIGN_STYLE = Automatic;
				CURRENT_PROJECT_VERSION = 1;
				DEVELOPMENT_ASSET_PATHS = "\"Scrumia/Preview Content\"";
				DEVELOPMENT_TEAM = R5VP7F84Q4;
				ENABLE_PREVIEWS = YES;
				GENERATE_INFOPLIST_FILE = YES;
				INFOPLIST_KEY_UIApplicationSceneManifest_Generation = YES;
				INFOPLIST_KEY_UIApplicationSupportsIndirectInputEvents = YES;
				INFOPLIST_KEY_UILaunchScreen_Generation = YES;
				INFOPLIST_KEY_UISupportedInterfaceOrientations_iPad = "UIInterfaceOrientationPortrait UIInterfaceOrientationPortraitUpsideDown UIInterfaceOrientationLandscapeLeft UIInterfaceOrientationLandscapeRight";
				INFOPLIST_KEY_UISupportedInterfaceOrientations_iPhone = "UIInterfaceOrientationPortrait UIInterfaceOrientationLandscapeLeft UIInterfaceOrientationLandscapeRight";
				LD_RUNPATH_SEARCH_PATHS = (
					"$(inherited)",
					"@executable_path/Frameworks",
				);
				MARKETING_VERSION = 1.0;
				PRODUCT_BUNDLE_IDENTIFIER = com.mtcardo.Scrumia;
				PRODUCT_NAME = "$(TARGET_NAME)";
				SWIFT_EMIT_LOC_STRINGS = YES;
				SWIFT_VERSION = 5.0;
				TARGETED_DEVICE_FAMILY = "1,2";
			};
			name = Release;
		};
/* End XCBuildConfiguration section */

/* Begin XCConfigurationList section */
		F2E0DED32919D1DA00E529FF /* Build configuration list for PBXProject "Scrumia" */ = {
			isa = XCConfigurationList;
			buildConfigurations = (
				F2E0DEE42919D1DB00E529FF /* Debug */,
				F2E0DEE52919D1DB00E529FF /* Release */,
			);
			defaultConfigurationIsVisible = 0;
			defaultConfigurationName = Release;
		};
		F2E0DEE62919D1DB00E529FF /* Build configuration list for PBXNativeTarget "Scrumia" */ = {
			isa = XCConfigurationList;
			buildConfigurations = (
				F2E0DEE72919D1DB00E529FF /* Debug */,
				F2E0DEE82919D1DB00E529FF /* Release */,
			);
			defaultConfigurationIsVisible = 0;
			defaultConfigurationName = Release;
		};
/* End XCConfigurationList section */
	};
	rootObject = F2E0DED02919D1DA00E529FF /* Project object */;
}
